
Microsoft Visual Studio Solution File, Format Version 12.00
# Visual Studio Version 17
VisualStudioVersion = 17.13.35825.156 d17.13
MinimumVisualStudioVersion = 10.0.40219.1
Project("{FAE04EC0-301F-11D3-BF4B-00C04F79EFBC}") = "ConsoleApp1", "ConsoleApp1.csproj", "{925A8A8F-B5AE-4B41-9E8B-23F43BF89B08}"
EndProject
Global
	GlobalSection(SolutionConfigurationPlatforms) = preSolution
		Debug|Any CPU = Debug|Any CPU
		Release|Any CPU = Release|Any CPU
	EndGlobalSection
	GlobalSection(ProjectConfigurationPlatforms) = postSolution
		{925A8A8F-B5AE-4B41-9E8B-23F43BF89B08}.Debug|Any CPU.ActiveCfg = Debug|Any CPU
		{925A8A8F-B5AE-4B41-9E8B-23F43BF89B08}.Debug|Any CPU.Build.0 = Debug|Any CPU
		{925A8A8F-B5AE-4B41-9E8B-23F43BF89B08}.Release|Any CPU.ActiveCfg = Release|Any CPU
		{925A8A8F-B5AE-4B41-9E8B-23F43BF89B08}.Release|Any CPU.Build.0 = Release|Any CPU
	EndGlobalSection
	GlobalSection(SolutionProperties) = preSolution
		HideSolutionNode = FALSE
	EndGlobalSection
	GlobalSection(ExtensibilityGlobals) = postSolution
		SolutionGuid = {23FF5908-B2E2-4ACA-A846-16288233C8BF}
	EndGlobalSection
EndGlobal
